
Microsoft Visual Studio Solution File, Format Version 12.00
# Visual Studio Version 17
VisualStudioVersion = 17.8.34330.188
MinimumVisualStudioVersion = 10.0.40219.1
Project("{8BC9CEB8-8B4A-11D0-8D11-00A0C91BC942}") = "Matura2023maj", "Matura2023maj\Matura2023maj.vcxproj", "{B9E11836-FC5B-4417-BF16-D07366A945E6}"
EndProject
Global
	GlobalSection(SolutionConfigurationPlatforms) = preSolution
		Debug|x64 = Debug|x64
		Debug|x86 = Debug|x86
		Release|x64 = Release|x64
		Release|x86 = Release|x86
	EndGlobalSection
	GlobalSection(ProjectConfigurationPlatforms) = postSolution
		{B9E11836-FC5B-4417-BF16-D07366A945E6}.Debug|x64.ActiveCfg = Debug|x64
		{B9E11836-FC5B-4417-BF16-D07366A945E6}.Debug|x64.Build.0 = Debug|x64
		{B9E11836-FC5B-4417-BF16-D07366A945E6}.Debug|x86.ActiveCfg = Debug|Win32
		{B9E11836-FC5B-4417-BF16-D07366A945E6}.Debug|x86.Build.0 = Debug|Win32
		{B9E11836-FC5B-4417-BF16-D07366A945E6}.Release|x64.ActiveCfg = Release|x64
		{B9E11836-FC5B-4417-BF16-D07366A945E6}.Release|x64.Build.0 = Release|x64
		{B9E11836-FC5B-4417-BF16-D07366A945E6}.Release|x86.ActiveCfg = Release|Win32
		{B9E11836-FC5B-4417-BF16-D07366A945E6}.Release|x86.Build.0 = Release|Win32
	EndGlobalSection
	GlobalSection(SolutionProperties) = preSolution
		HideSolutionNode = FALSE
	EndGlobalSection
	GlobalSection(ExtensibilityGlobals) = postSolution
		SolutionGuid = {CDB4DCA8-26A9-4A57-86DF-594D1C017389}
	EndGlobalSection
EndGlobal
